// !$*UTF8*$!
{
	archiveVersion = 1;
	classes = {
	};
	objectVersion = 46;
	objects = {

/* Begin PBXBuildFile section */
		C23C120F1D93CC9900769013 /* main.m in Sources */ = {isa = PBXBuildFile; fileRef = C23C120E1D93CC9900769013 /* main.m */; };
		C23C12121D93CC9900769013 /* AppDelegate.m in Sources */ = {isa = PBXBuildFile; fileRef = C23C12111D93CC9900769013 /* AppDelegate.m */; };
		C23C12151D93CC9900769013 /* ViewController.m in Sources */ = {isa = PBXBuildFile; fileRef = C23C12141D93CC9900769013 /* ViewController.m */; };
		C23C12181D93CC9900769013 /* Main.storyboard in Resources */ = {isa = PBXBuildFile; fileRef = C23C12161D93CC9900769013 /* Main.storyboard */; };
		C23C121A1D93CC9900769013 /* Assets.xcassets in Resources */ = {isa = PBXBuildFile; fileRef = C23C12191D93CC9900769013 /* Assets.xcassets */; };
		C23C121D1D93CC9900769013 /* LaunchScreen.storyboard in Resources */ = {isa = PBXBuildFile; fileRef = C23C121B1D93CC9900769013 /* LaunchScreen.storyboard */; };
		C23C12321D94071A00769013 /* HMCircleAnimator.m in Sources */ = {isa = PBXBuildFile; fileRef = C23C12311D94071A00769013 /* HMCircleAnimator.m */; };
/* End PBXBuildFile section */

/* Begin PBXFileReference section */
		C23C120A1D93CC9900769013 /* 测试-01-动画.app */ = {isa = PBXFileReference; explicitFileType = wrapper.application; includeInIndex = 0; path = "测试-01-动画.app"; sourceTree = BUILT_PRODUCTS_DIR; };
		C23C120E1D93CC9900769013 /* main.m */ = {isa = PBXFileReference; lastKnownFileType = sourcecode.c.objc; path = main.m; sourceTree = "<group>"; };
		C23C12101D93CC9900769013 /* AppDelegate.h */ = {isa = PBXFileReference; lastKnownFileType = sourcecode.c.h; path = AppDelegate.h; sourceTree = "<group>"; };
		C23C12111D93CC9900769013 /* AppDelegate.m */ = {isa = PBXFileReference; lastKnownFileType = sourcecode.c.objc; path = AppDelegate.m; sourceTree = "<group>"; };
		C23C12131D93CC9900769013 /* ViewController.h */ = {isa = PBXFileReference; lastKnownFileType = sourcecode.c.h; path = ViewController.h; sourceTree = "<group>"; };
		C23C12141D93CC9900769013 /* ViewController.m */ = {isa = PBXFileReference; lastKnownFileType = sourcecode.c.objc; path = ViewController.m; sourceTree = "<group>"; };
		C23C12171D93CC9900769013 /* Base */ = {isa = PBXFileReference; lastKnownFileType = file.storyboard; name = Base; path = Base.lproj/Main.storyboard; sourceTree = "<group>"; };
		C23C12191D93CC9900769013 /* Assets.xcassets */ = {isa = PBXFileReference; lastKnownFileType = folder.assetcatalog; path = Assets.xcassets; sourceTree = "<group>"; };
		C23C121C1D93CC9900769013 /* Base */ = {isa = PBXFileReference; lastKnownFileType = file.storyboard; name = Base; path = Base.lproj/LaunchScreen.storyboard; sourceTree = "<group>"; };
		C23C121E1D93CC9900769013 /* Info.plist */ = {isa = PBXFileReference; lastKnownFileType = text.plist.xml; path = Info.plist; sourceTree = "<group>"; };
		C23C12301D94071A00769013 /* HMCircleAnimator.h */ = {isa = PBXFileReference; fileEncoding = 4; lastKnownFileType = sourcecode.c.h; path = HMCircleAnimator.h; sourceTree = "<group>"; };
		C23C12311D94071A00769013 /* HMCircleAnimator.m */ = {isa = PBXFileReference; fileEncoding = 4; lastKnownFileType = sourcecode.c.objc; path = HMCircleAnimator.m; sourceTree = "<group>"; };
/* End PBXFileReference section */

/* Begin PBXFrameworksBuildPhase section */
		C23C12071D93CC9900769013 /* Frameworks */ = {
			isa = PBXFrameworksBuildPhase;
			buildActionMask = 2147483647;
			files = (
			);
			runOnlyForDeploymentPostprocessing = 0;
		};
/* End PBXFrameworksBuildPhase section */

/* Begin PBXGroup section */
		C23C12011D93CC9900769013 = {
			isa = PBXGroup;
			children = (
				C23C120C1D93CC9900769013 /* 测试-01-动画 */,
				C23C120B1D93CC9900769013 /* Products */,
			);
			sourceTree = "<group>";
		};
		C23C120B1D93CC9900769013 /* Products */ = {
			isa = PBXGroup;
			children = (
				C23C120A1D93CC9900769013 /* 测试-01-动画.app */,
			);
			name = Products;
			sourceTree = "<group>";
		};
		C23C120C1D93CC9900769013 /* 测试-01-动画 */ = {
			isa = PBXGroup;
			children = (
				C23C12101D93CC9900769013 /* AppDelegate.h */,
				C23C12111D93CC9900769013 /* AppDelegate.m */,
				C23C12131D93CC9900769013 /* ViewController.h */,
				C23C12141D93CC9900769013 /* ViewController.m */,
				C23C12301D94071A00769013 /* HMCircleAnimator.h */,
				C23C12311D94071A00769013 /* HMCircleAnimator.m */,
				C23C12161D93CC9900769013 /* Main.storyboard */,
				C23C12191D93CC9900769013 /* Assets.xcassets */,
				C23C121B1D93CC9900769013 /* LaunchScreen.storyboard */,
				C23C121E1D93CC9900769013 /* Info.plist */,
				C23C120D1D93CC9900769013 /* Supporting Files */,
			);
			path = "测试-01-动画";
			sourceTree = "<group>";
		};
		C23C120D1D93CC9900769013 /* Supporting Files */ = {
			isa = PBXGroup;
			children = (
				C23C120E1D93CC9900769013 /* main.m */,
			);
			name = "Supporting Files";
			sourceTree = "<group>";
		};
/* End PBXGroup section */

/* Begin PBXNativeTarget section */
		C23C12091D93CC9900769013 /* 测试-01-动画 */ = {
			isa = PBXNativeTarget;
			buildConfigurationList = C23C12211D93CC9900769013 /* Build configuration list for PBXNativeTarget "测试-01-动画" */;
			buildPhases = (
				C23C12061D93CC9900769013 /* Sources */,
				C23C12071D93CC9900769013 /* Frameworks */,
				C23C12081D93CC9900769013 /* Resources */,
			);
			buildRules = (
			);
			dependencies = (
			);
			name = "测试-01-动画";
			productName = "测试-01-动画";
			productReference = C23C120A1D93CC9900769013 /* 测试-01-动画.app */;
			productType = "com.apple.product-type.application";
		};
/* End PBXNativeTarget section */

/* Begin PBXProject section */
		C23C12021D93CC9900769013 /* Project object */ = {
			isa = PBXProject;
			attributes = {
				LastUpgradeCheck = 0800;
				ORGANIZATIONNAME = itcast;
				TargetAttributes = {
					C23C12091D93CC9900769013 = {
						CreatedOnToolsVersion = 8.0;
						DevelopmentTeam = J9XHDK444E;
						ProvisioningStyle = Automatic;
					};
				};
			};
			buildConfigurationList = C23C12051D93CC9900769013 /* Build configuration list for PBXProject "测试-01-动画" */;
			compatibilityVersion = "Xcode 3.2";
			developmentRegion = English;
			hasScannedForEncodings = 0;
			knownRegions = (
				en,
				Base,
			);
			mainGroup = C23C12011D93CC9900769013;
			productRefGroup = C23C120B1D93CC9900769013 /* Products */;
			projectDirPath = "";
			projectRoot = "";
			targets = (
				C23C12091D93CC9900769013 /* 测试-01-动画 */,
			);
		};
/* End PBXProject section */

/* Begin PBXResourcesBuildPhase section */
		C23C12081D93CC9900769013 /* Resources */ = {
			isa = PBXResourcesBuildPhase;
			buildActionMask = 2147483647;
			files = (
				C23C121D1D93CC9900769013 /* LaunchScreen.storyboard in Resources */,
				C23C121A1D93CC9900769013 /* Assets.xcassets in Resources */,
				C23C12181D93CC9900769013 /* Main.storyboard in Resources */,
			);
			runOnlyForDeploymentPostprocessing = 0;
		};
/* End PBXResourcesBuildPhase section */

/* Begin PBXSourcesBuildPhase section */
		C23C12061D93CC9900769013 /* Sources */ = {
			isa = PBXSourcesBuildPhase;
			buildActionMask = 2147483647;
			files = (
				C23C12151D93CC9900769013 /* ViewController.m in Sources */,
				C23C12121D93CC9900769013 /* AppDelegate.m in Sources */,
				C23C120F1D93CC9900769013 /* main.m in Sources */,
				C23C12321D94071A00769013 /* HMCircleAnimator.m in Sources */,
			);
			runOnlyForDeploymentPostprocessing = 0;
		};
/* End PBXSourcesBuildPhase section */

/* Begin PBXVariantGroup section */
		C23C12161D93CC9900769013 /* Main.storyboard */ = {
			isa = PBXVariantGroup;
			children = (
				C23C12171D93CC9900769013 /* Base */,
			);
			name = Main.storyboard;
			sourceTree = "<group>";
		};
		C23C121B1D93CC9900769013 /* LaunchScreen.storyboard */ = {
			isa = PBXVariantGroup;
			children = (
				C23C121C1D93CC9900769013 /* Base */,
			);
			name = LaunchScreen.storyboard;
			sourceTree = "<group>";
		};
/* End PBXVariantGroup section */

/* Begin XCBuildConfiguration section */
		C23C121F1D93CC9900769013 /* Debug */ = {
			isa = XCBuildConfiguration;
			buildSettings = {
				ALWAYS_SEARCH_USER_PATHS = NO;
				CLANG_ANALYZER_NONNULL = YES;
				CLANG_CXX_LANGUAGE_STANDARD = "gnu++0x";
				CLANG_CXX_LIBRARY = "libc++";
				CLANG_ENABLE_MODULES = YES;
				CLANG_ENABLE_OBJC_ARC = YES;
				CLANG_WARN_BOOL_CONVERSION = YES;
				CLANG_WARN_CONSTANT_CONVERSION = YES;
				CLANG_WARN_DIRECT_OBJC_ISA_USAGE = YES_ERROR;
				CLANG_WARN_DOCUMENTATION_COMMENTS = YES;
				CLANG_WARN_EMPTY_BODY = YES;
				CLANG_WARN_ENUM_CONVERSION = YES;
				CLANG_WARN_INFINITE_RECURSION = YES;
				CLANG_WARN_INT_CONVERSION = YES;
				CLANG_WARN_OBJC_ROOT_CLASS = YES_ERROR;
				CLANG_WARN_SUSPICIOUS_MOVES = YES;
				CLANG_WARN_UNREACHABLE_CODE = YES;
				CLANG_WARN__DUPLICATE_METHOD_MATCH = YES;
				"CODE_SIGN_IDENTITY[sdk=iphoneos*]" = "iPhone Developer";
				COPY_PHASE_STRIP = NO;
				DEBUG_INFORMATION_FORMAT = dwarf;
				ENABLE_STRICT_OBJC_MSGSEND = YES;
				ENABLE_TESTABILITY = YES;
				GCC_C_LANGUAGE_STANDARD = gnu99;
				GCC_DYNAMIC_NO_PIC = NO;
				GCC_NO_COMMON_BLOCKS = YES;
				GCC_OPTIMIZATION_LEVEL = 0;
				GCC_PREPROCESSOR_DEFINITIONS = (
					"DEBUG=1",
					"$(inherited)",
				);
				GCC_WARN_64_TO_32_BIT_CONVERSION = YES;
				GCC_WARN_ABOUT_RETURN_TYPE = YES_ERROR;
				GCC_WARN_UNDECLARED_SELECTOR = YES;
				GCC_WARN_UNINITIALIZED_AUTOS = YES_AGGRESSIVE;
				GCC_WARN_UNUSED_FUNCTION = YES;
				GCC_WARN_UNUSED_VARIABLE = YES;
				IPHONEOS_DEPLOYMENT_TARGET = 10.0;
				MTL_ENABLE_DEBUG_INFO = YES;
				ONLY_ACTIVE_ARCH = YES;
				SDKROOT = iphoneos;
			};
			name = Debug;
		};
		C23C12201D93CC9900769013 /* Release */ = {
			isa = XCBuildConfiguration;
			buildSettings = {
				ALWAYS_SEARCH_USER_PATHS = NO;
				CLANG_ANALYZER_NONNULL = YES;
				CLANG_CXX_LANGUAGE_STANDARD = "gnu++0x";
				CLANG_CXX_LIBRARY = "libc++";
				CLANG_ENABLE_MODULES = YES;
				CLANG_ENABLE_OBJC_ARC = YES;
				CLANG_WARN_BOOL_CONVERSION = YES;
				CLANG_WARN_CONSTANT_CONVERSION = YES;
				CLANG_WARN_DIRECT_OBJC_ISA_USAGE = YES_ERROR;
				CLANG_WARN_DOCUMENTATION_COMMENTS = YES;
				CLANG_WARN_EMPTY_BODY = YES;
				CLANG_WARN_ENUM_CONVERSION = YES;
				CLANG_WARN_INFINITE_RECURSION = YES;
				CLANG_WARN_INT_CONVERSION = YES;
				CLANG_WARN_OBJC_ROOT_CLASS = YES_ERROR;
				CLANG_WARN_SUSPICIOUS_MOVES = YES;
				CLANG_WARN_UNREACHABLE_CODE = YES;
				CLANG_WARN__DUPLICATE_METHOD_MATCH = YES;
				"CODE_SIGN_IDENTITY[sdk=iphoneos*]" = "iPhone Developer";
				COPY_PHASE_STRIP = NO;
				DEBUG_INFORMATION_FORMAT = "dwarf-with-dsym";
				ENABLE_NS_ASSERTIONS = NO;
				ENABLE_STRICT_OBJC_MSGSEND = YES;
				GCC_C_LANGUAGE_STANDARD = gnu99;
				GCC_NO_COMMON_BLOCKS = YES;
				GCC_WARN_64_TO_32_BIT_CONVERSION = YES;
				GCC_WARN_ABOUT_RETURN_TYPE = YES_ERROR;
				GCC_WARN_UNDECLARED_SELECTOR = YES;
				GCC_WARN_UNINITIALIZED_AUTOS = YES_AGGRESSIVE;
				GCC_WARN_UNUSED_FUNCTION = YES;
				GCC_WARN_UNUSED_VARIABLE = YES;
				IPHONEOS_DEPLOYMENT_TARGET = 10.0;
				MTL_ENABLE_DEBUG_INFO = NO;
				SDKROOT = iphoneos;
				VALIDATE_PRODUCT = YES;
			};
			name = Release;
		};
		C23C12221D93CC9900769013 /* Debug */ = {
			isa = XCBuildConfiguration;
			buildSettings = {
				ASSETCATALOG_COMPILER_APPICON_NAME = AppIcon;
				DEVELOPMENT_TEAM = J9XHDK444E;
				INFOPLIST_FILE = "测试-01-动画/Info.plist";
				LD_RUNPATH_SEARCH_PATHS = "$(inherited) @executable_path/Frameworks";
				PRODUCT_BUNDLE_IDENTIFIER = "cn.itcast.---01---";
				PRODUCT_NAME = "$(TARGET_NAME)";
			};
			name = Debug;
		};
		C23C12231D93CC9900769013 /* Release */ = {
			isa = XCBuildConfiguration;
			buildSettings = {
				ASSETCATALOG_COMPILER_APPICON_NAME = AppIcon;
				DEVELOPMENT_TEAM = J9XHDK444E;
				INFOPLIST_FILE = "测试-01-动画/Info.plist";
				LD_RUNPATH_SEARCH_PATHS = "$(inherited) @executable_path/Frameworks";
				PRODUCT_BUNDLE_IDENTIFIER = "cn.itcast.---01---";
				PRODUCT_NAME = "$(TARGET_NAME)";
			};
			name = Release;
		};
/* End XCBuildConfiguration section */

/* Begin XCConfigurationList section */
		C23C12051D93CC9900769013 /* Build configuration list for PBXProject "测试-01-动画" */ = {
			isa = XCConfigurationList;
			buildConfigurations = (
				C23C121F1D93CC9900769013 /* Debug */,
				C23C12201D93CC9900769013 /* Release */,
			);
			defaultConfigurationIsVisible = 0;
			defaultConfigurationName = Release;
		};
		C23C12211D93CC9900769013 /* Build configuration list for PBXNativeTarget "测试-01-动画" */ = {
			isa = XCConfigurationList;
			buildConfigurations = (
				C23C12221D93CC9900769013 /* Debug */,
				C23C12231D93CC9900769013 /* Release */,
			);
			defaultConfigurationIsVisible = 0;
			defaultConfigurationName = Release;
		};
/* End XCConfigurationList section */
	};
	rootObject = C23C12021D93CC9900769013 /* Project object */;
}
